
Microsoft Visual Studio Solution File, Format Version 12.00
# Visual Studio 15
VisualStudioVersion = 15.0.27004.2006
MinimumVisualStudioVersion = 10.0.40219.1
Project("{FAE04EC0-301F-11D3-BF4B-00C04F79EFBC}") = "a soducode test", "a soducode test\a soducode test.csproj", "{62FF5692-7AE2-46EB-A1FF-A9D57589D4EC}"
EndProject
Global
	GlobalSection(SolutionConfigurationPlatforms) = preSolution
		Debug|Any CPU = Debug|Any CPU
		Release|Any CPU = Release|Any CPU
	EndGlobalSection
	GlobalSection(ProjectConfigurationPlatforms) = postSolution
		{62FF5692-7AE2-46EB-A1FF-A9D57589D4EC}.Debug|Any CPU.ActiveCfg = Debug|Any CPU
		{62FF5692-7AE2-46EB-A1FF-A9D57589D4EC}.Debug|Any CPU.Build.0 = Debug|Any CPU
		{62FF5692-7AE2-46EB-A1FF-A9D57589D4EC}.Release|Any CPU.ActiveCfg = Release|Any CPU
		{62FF5692-7AE2-46EB-A1FF-A9D57589D4EC}.Release|Any CPU.Build.0 = Release|Any CPU
	EndGlobalSection
	GlobalSection(SolutionProperties) = preSolution
		HideSolutionNode = FALSE
	EndGlobalSection
	GlobalSection(ExtensibilityGlobals) = postSolution
		SolutionGuid = {D77F8072-A03D-43FD-BB9F-987D3EDEBE19}
	EndGlobalSection
EndGlobal
